// !$*UTF8*$!
{
	archiveVersion = 1;
	classes = {
	};
	objectVersion = 46;
	objects = {

/* Begin PBXBuildFile section */
		CF936A611AAD15EC0041838F /* main.m in Sources */ = {isa = PBXBuildFile; fileRef = CF936A601AAD15EC0041838F /* main.m */; };
		CF936A641AAD15EC0041838F /* OGMAppDelegate.m in Sources */ = {isa = PBXBuildFile; fileRef = CF936A631AAD15EC0041838F /* OGMAppDelegate.m */; };
		CF936A671AAD15EC0041838F /* OGMViewController.m in Sources */ = {isa = PBXBuildFile; fileRef = CF936A661AAD15EC0041838F /* OGMViewController.m */; };
		CF936A6A1AAD15EC0041838F /* Main.storyboard in Resources */ = {isa = PBXBuildFile; fileRef = CF936A681AAD15EC0041838F /* Main.storyboard */; };
		CF936A6C1AAD15EC0041838F /* Images.xcassets in Resources */ = {isa = PBXBuildFile; fileRef = CF936A6B1AAD15EC0041838F /* Images.xcassets */; };
		CF936A6F1AAD15EC0041838F /* LaunchScreen.xib in Resources */ = {isa = PBXBuildFile; fileRef = CF936A6D1AAD15EC0041838F /* LaunchScreen.xib */; };
		CF936A7B1AAD15EC0041838F /* TouchTrackerTests.m in Sources */ = {isa = PBXBuildFile; fileRef = CF936A7A1AAD15EC0041838F /* TouchTrackerTests.m */; };
		CF936A861AAD16940041838F /* OGMLine.m in Sources */ = {isa = PBXBuildFile; fileRef = CF936A851AAD16940041838F /* OGMLine.m */; };
		CF936A891AAD17380041838F /* OGMDrawView.m in Sources */ = {isa = PBXBuildFile; fileRef = CF936A881AAD17380041838F /* OGMDrawView.m */; };
		CF936A8C1AAD17B30041838F /* OGMDrawViewController.m in Sources */ = {isa = PBXBuildFile; fileRef = CF936A8B1AAD17B30041838F /* OGMDrawViewController.m */; };
		CF9A4C0F1AAEBC18008BA866 /* OGMCircle.m in Sources */ = {isa = PBXBuildFile; fileRef = CF9A4C0E1AAEBC18008BA866 /* OGMCircle.m */; };
/* End PBXBuildFile section */

/* Begin PBXContainerItemProxy section */
		CF936A751AAD15EC0041838F /* PBXContainerItemProxy */ = {
			isa = PBXContainerItemProxy;
			containerPortal = CF936A531AAD15EC0041838F /* Project object */;
			proxyType = 1;
			remoteGlobalIDString = CF936A5A1AAD15EC0041838F;
			remoteInfo = TouchTracker;
		};
/* End PBXContainerItemProxy section */

/* Begin PBXFileReference section */
		CF936A5B1AAD15EC0041838F /* TouchTracker.app */ = {isa = PBXFileReference; explicitFileType = wrapper.application; includeInIndex = 0; path = TouchTracker.app; sourceTree = BUILT_PRODUCTS_DIR; };
		CF936A5F1AAD15EC0041838F /* Info.plist */ = {isa = PBXFileReference; lastKnownFileType = text.plist.xml; path = Info.plist; sourceTree = "<group>"; };
		CF936A601AAD15EC0041838F /* main.m */ = {isa = PBXFileReference; lastKnownFileType = sourcecode.c.objc; path = main.m; sourceTree = "<group>"; };
		CF936A621AAD15EC0041838F /* OGMAppDelegate.h */ = {isa = PBXFileReference; lastKnownFileType = sourcecode.c.h; path = OGMAppDelegate.h; sourceTree = "<group>"; };
		CF936A631AAD15EC0041838F /* OGMAppDelegate.m */ = {isa = PBXFileReference; lastKnownFileType = sourcecode.c.objc; path = OGMAppDelegate.m; sourceTree = "<group>"; };
		CF936A651AAD15EC0041838F /* OGMViewController.h */ = {isa = PBXFileReference; lastKnownFileType = sourcecode.c.h; path = OGMViewController.h; sourceTree = "<group>"; };
		CF936A661AAD15EC0041838F /* OGMViewController.m */ = {isa = PBXFileReference; lastKnownFileType = sourcecode.c.objc; path = OGMViewController.m; sourceTree = "<group>"; };
		CF936A691AAD15EC0041838F /* Base */ = {isa = PBXFileReference; lastKnownFileType = file.storyboard; name = Base; path = Base.lproj/Main.storyboard; sourceTree = "<group>"; };
		CF936A6B1AAD15EC0041838F /* Images.xcassets */ = {isa = PBXFileReference; lastKnownFileType = folder.assetcatalog; path = Images.xcassets; sourceTree = "<group>"; };
		CF936A6E1AAD15EC0041838F /* Base */ = {isa = PBXFileReference; lastKnownFileType = file.xib; name = Base; path = Base.lproj/LaunchScreen.xib; sourceTree = "<group>"; };
		CF936A741AAD15EC0041838F /* TouchTrackerTests.xctest */ = {isa = PBXFileReference; explicitFileType = wrapper.cfbundle; includeInIndex = 0; path = TouchTrackerTests.xctest; sourceTree = BUILT_PRODUCTS_DIR; };
		CF936A791AAD15EC0041838F /* Info.plist */ = {isa = PBXFileReference; lastKnownFileType = text.plist.xml; path = Info.plist; sourceTree = "<group>"; };
		CF936A7A1AAD15EC0041838F /* TouchTrackerTests.m */ = {isa = PBXFileReference; lastKnownFileType = sourcecode.c.objc; path = TouchTrackerTests.m; sourceTree = "<group>"; };
		CF936A841AAD16940041838F /* OGMLine.h */ = {isa = PBXFileReference; fileEncoding = 4; lastKnownFileType = sourcecode.c.h; path = OGMLine.h; sourceTree = "<group>"; };
		CF936A851AAD16940041838F /* OGMLine.m */ = {isa = PBXFileReference; fileEncoding = 4; lastKnownFileType = sourcecode.c.objc; path = OGMLine.m; sourceTree = "<group>"; };
		CF936A871AAD17380041838F /* OGMDrawView.h */ = {isa = PBXFileReference; fileEncoding = 4; lastKnownFileType = sourcecode.c.h; path = OGMDrawView.h; sourceTree = "<group>"; };
		CF936A881AAD17380041838F /* OGMDrawView.m */ = {isa = PBXFileReference; fileEncoding = 4; lastKnownFileType = sourcecode.c.objc; path = OGMDrawView.m; sourceTree = "<group>"; };
		CF936A8A1AAD17B30041838F /* OGMDrawViewController.h */ = {isa = PBXFileReference; fileEncoding = 4; lastKnownFileType = sourcecode.c.h; path = OGMDrawViewController.h; sourceTree = "<group>"; };
		CF936A8B1AAD17B30041838F /* OGMDrawViewController.m */ = {isa = PBXFileReference; fileEncoding = 4; lastKnownFileType = sourcecode.c.objc; path = OGMDrawViewController.m; sourceTree = "<group>"; };
		CF9A4C0D1AAEBC18008BA866 /* OGMCircle.h */ = {isa = PBXFileReference; fileEncoding = 4; lastKnownFileType = sourcecode.c.h; path = OGMCircle.h; sourceTree = "<group>"; };
		CF9A4C0E1AAEBC18008BA866 /* OGMCircle.m */ = {isa = PBXFileReference; fileEncoding = 4; lastKnownFileType = sourcecode.c.objc; path = OGMCircle.m; sourceTree = "<group>"; };
/* End PBXFileReference section */

/* Begin PBXFrameworksBuildPhase section */
		CF936A581AAD15EC0041838F /* Frameworks */ = {
			isa = PBXFrameworksBuildPhase;
			buildActionMask = 2147483647;
			files = (
			);
			runOnlyForDeploymentPostprocessing = 0;
		};
		CF936A711AAD15EC0041838F /* Frameworks */ = {
			isa = PBXFrameworksBuildPhase;
			buildActionMask = 2147483647;
			files = (
			);
			runOnlyForDeploymentPostprocessing = 0;
		};
/* End PBXFrameworksBuildPhase section */

/* Begin PBXGroup section */
		CF936A521AAD15EC0041838F = {
			isa = PBXGroup;
			children = (
				CF936A5D1AAD15EC0041838F /* TouchTracker */,
				CF936A771AAD15EC0041838F /* TouchTrackerTests */,
				CF936A5C1AAD15EC0041838F /* Products */,
			);
			sourceTree = "<group>";
		};
		CF936A5C1AAD15EC0041838F /* Products */ = {
			isa = PBXGroup;
			children = (
				CF936A5B1AAD15EC0041838F /* TouchTracker.app */,
				CF936A741AAD15EC0041838F /* TouchTrackerTests.xctest */,
			);
			name = Products;
			sourceTree = "<group>";
		};
		CF936A5D1AAD15EC0041838F /* TouchTracker */ = {
			isa = PBXGroup;
			children = (
				CF936A621AAD15EC0041838F /* OGMAppDelegate.h */,
				CF936A631AAD15EC0041838F /* OGMAppDelegate.m */,
				CF936A651AAD15EC0041838F /* OGMViewController.h */,
				CF936A661AAD15EC0041838F /* OGMViewController.m */,
				CF936A681AAD15EC0041838F /* Main.storyboard */,
				CF936A6B1AAD15EC0041838F /* Images.xcassets */,
				CF936A6D1AAD15EC0041838F /* LaunchScreen.xib */,
				CF936A5E1AAD15EC0041838F /* Supporting Files */,
				CF936A841AAD16940041838F /* OGMLine.h */,
				CF936A851AAD16940041838F /* OGMLine.m */,
				CF936A871AAD17380041838F /* OGMDrawView.h */,
				CF936A881AAD17380041838F /* OGMDrawView.m */,
				CF936A8A1AAD17B30041838F /* OGMDrawViewController.h */,
				CF936A8B1AAD17B30041838F /* OGMDrawViewController.m */,
				CF9A4C0D1AAEBC18008BA866 /* OGMCircle.h */,
				CF9A4C0E1AAEBC18008BA866 /* OGMCircle.m */,
			);
			path = TouchTracker;
			sourceTree = "<group>";
		};
		CF936A5E1AAD15EC0041838F /* Supporting Files */ = {
			isa = PBXGroup;
			children = (
				CF936A5F1AAD15EC0041838F /* Info.plist */,
				CF936A601AAD15EC0041838F /* main.m */,
			);
			name = "Supporting Files";
			sourceTree = "<group>";
		};
		CF936A771AAD15EC0041838F /* TouchTrackerTests */ = {
			isa = PBXGroup;
			children = (
				CF936A7A1AAD15EC0041838F /* TouchTrackerTests.m */,
				CF936A781AAD15EC0041838F /* Supporting Files */,
			);
			path = TouchTrackerTests;
			sourceTree = "<group>";
		};
		CF936A781AAD15EC0041838F /* Supporting Files */ = {
			isa = PBXGroup;
			children = (
				CF936A791AAD15EC0041838F /* Info.plist */,
			);
			name = "Supporting Files";
			sourceTree = "<group>";
		};
/* End PBXGroup section */

/* Begin PBXNativeTarget section */
		CF936A5A1AAD15EC0041838F /* TouchTracker */ = {
			isa = PBXNativeTarget;
			buildConfigurationList = CF936A7E1AAD15EC0041838F /* Build configuration list for PBXNativeTarget "TouchTracker" */;
			buildPhases = (
				CF936A571AAD15EC0041838F /* Sources */,
				CF936A581AAD15EC0041838F /* Frameworks */,
				CF936A591AAD15EC0041838F /* Resources */,
			);
			buildRules = (
			);
			dependencies = (
			);
			name = TouchTracker;
			productName = TouchTracker;
			productReference = CF936A5B1AAD15EC0041838F /* TouchTracker.app */;
			productType = "com.apple.product-type.application";
		};
		CF936A731AAD15EC0041838F /* TouchTrackerTests */ = {
			isa = PBXNativeTarget;
			buildConfigurationList = CF936A811AAD15EC0041838F /* Build configuration list for PBXNativeTarget "TouchTrackerTests" */;
			buildPhases = (
				CF936A701AAD15EC0041838F /* Sources */,
				CF936A711AAD15EC0041838F /* Frameworks */,
				CF936A721AAD15EC0041838F /* Resources */,
			);
			buildRules = (
			);
			dependencies = (
				CF936A761AAD15EC0041838F /* PBXTargetDependency */,
			);
			name = TouchTrackerTests;
			productName = TouchTrackerTests;
			productReference = CF936A741AAD15EC0041838F /* TouchTrackerTests.xctest */;
			productType = "com.apple.product-type.bundle.unit-test";
		};
/* End PBXNativeTarget section */

/* Begin PBXProject section */
		CF936A531AAD15EC0041838F /* Project object */ = {
			isa = PBXProject;
			attributes = {
				CLASSPREFIX = OGM;
				LastUpgradeCheck = 0610;
				ORGANIZATIONNAME = "Omri Meshulam";
				TargetAttributes = {
					CF936A5A1AAD15EC0041838F = {
						CreatedOnToolsVersion = 6.1.1;
					};
					CF936A731AAD15EC0041838F = {
						CreatedOnToolsVersion = 6.1.1;
						TestTargetID = CF936A5A1AAD15EC0041838F;
					};
				};
			};
			buildConfigurationList = CF936A561AAD15EC0041838F /* Build configuration list for PBXProject "TouchTracker" */;
			compatibilityVersion = "Xcode 3.2";
			developmentRegion = English;
			hasScannedForEncodings = 0;
			knownRegions = (
				en,
				Base,
			);
			mainGroup = CF936A521AAD15EC0041838F;
			productRefGroup = CF936A5C1AAD15EC0041838F /* Products */;
			projectDirPath = "";
			projectRoot = "";
			targets = (
				CF936A5A1AAD15EC0041838F /* TouchTracker */,
				CF936A731AAD15EC0041838F /* TouchTrackerTests */,
			);
		};
/* End PBXProject section */

/* Begin PBXResourcesBuildPhase section */
		CF936A591AAD15EC0041838F /* Resources */ = {
			isa = PBXResourcesBuildPhase;
			buildActionMask = 2147483647;
			files = (
				CF936A6A1AAD15EC0041838F /* Main.storyboard in Resources */,
				CF936A6F1AAD15EC0041838F /* LaunchScreen.xib in Resources */,
				CF936A6C1AAD15EC0041838F /* Images.xcassets in Resources */,
			);
			runOnlyForDeploymentPostprocessing = 0;
		};
		CF936A721AAD15EC0041838F /* Resources */ = {
			isa = PBXResourcesBuildPhase;
			buildActionMask = 2147483647;
			files = (
			);
			runOnlyForDeploymentPostprocessing = 0;
		};
/* End PBXResourcesBuildPhase section */

/* Begin PBXSourcesBuildPhase section */
		CF936A571AAD15EC0041838F /* Sources */ = {
			isa = PBXSourcesBuildPhase;
			buildActionMask = 2147483647;
			files = (
				CF936A671AAD15EC0041838F /* OGMViewController.m in Sources */,
				CF936A641AAD15EC0041838F /* OGMAppDelegate.m in Sources */,
				CF9A4C0F1AAEBC18008BA866 /* OGMCircle.m in Sources */,
				CF936A891AAD17380041838F /* OGMDrawView.m in Sources */,
				CF936A611AAD15EC0041838F /* main.m in Sources */,
				CF936A8C1AAD17B30041838F /* OGMDrawViewController.m in Sources */,
				CF936A861AAD16940041838F /* OGMLine.m in Sources */,
			);
			runOnlyForDeploymentPostprocessing = 0;
		};
		CF936A701AAD15EC0041838F /* Sources */ = {
			isa = PBXSourcesBuildPhase;
			buildActionMask = 2147483647;
			files = (
				CF936A7B1AAD15EC0041838F /* TouchTrackerTests.m in Sources */,
			);
			runOnlyForDeploymentPostprocessing = 0;
		};
/* End PBXSourcesBuildPhase section */

/* Begin PBXTargetDependency section */
		CF936A761AAD15EC0041838F /* PBXTargetDependency */ = {
			isa = PBXTargetDependency;
			target = CF936A5A1AAD15EC0041838F /* TouchTracker */;
			targetProxy = CF936A751AAD15EC0041838F /* PBXContainerItemProxy */;
		};
/* End PBXTargetDependency section */

/* Begin PBXVariantGroup section */
		CF936A681AAD15EC0041838F /* Main.storyboard */ = {
			isa = PBXVariantGroup;
			children = (
				CF936A691AAD15EC0041838F /* Base */,
			);
			name = Main.storyboard;
			sourceTree = "<group>";
		};
		CF936A6D1AAD15EC0041838F /* LaunchScreen.xib */ = {
			isa = PBXVariantGroup;
			children = (
				CF936A6E1AAD15EC0041838F /* Base */,
			);
			name = LaunchScreen.xib;
			sourceTree = "<group>";
		};
/* End PBXVariantGroup section */

/* Begin XCBuildConfiguration section */
		CF936A7C1AAD15EC0041838F /* Debug */ = {
			isa = XCBuildConfiguration;
			buildSettings = {
				ALWAYS_SEARCH_USER_PATHS = NO;
				CLANG_CXX_LANGUAGE_STANDARD = "gnu++0x";
				CLANG_CXX_LIBRARY = "libc++";
				CLANG_ENABLE_MODULES = YES;
				CLANG_ENABLE_OBJC_ARC = YES;
				CLANG_WARN_BOOL_CONVERSION = YES;
				CLANG_WARN_CONSTANT_CONVERSION = YES;
				CLANG_WARN_DIRECT_OBJC_ISA_USAGE = YES_ERROR;
				CLANG_WARN_EMPTY_BODY = YES;
				CLANG_WARN_ENUM_CONVERSION = YES;
				CLANG_WARN_INT_CONVERSION = YES;
				CLANG_WARN_OBJC_ROOT_CLASS = YES_ERROR;
				CLANG_WARN_UNREACHABLE_CODE = YES;
				CLANG_WARN__DUPLICATE_METHOD_MATCH = YES;
				"CODE_SIGN_IDENTITY[sdk=iphoneos*]" = "iPhone Developer";
				COPY_PHASE_STRIP = NO;
				ENABLE_STRICT_OBJC_MSGSEND = YES;
				GCC_C_LANGUAGE_STANDARD = gnu99;
				GCC_DYNAMIC_NO_PIC = NO;
				GCC_OPTIMIZATION_LEVEL = 0;
				GCC_PREPROCESSOR_DEFINITIONS = (
					"DEBUG=1",
					"$(inherited)",
				);
				GCC_SYMBOLS_PRIVATE_EXTERN = NO;
				GCC_WARN_64_TO_32_BIT_CONVERSION = YES;
				GCC_WARN_ABOUT_RETURN_TYPE = YES_ERROR;
				GCC_WARN_UNDECLARED_SELECTOR = YES;
				GCC_WARN_UNINITIALIZED_AUTOS = YES_AGGRESSIVE;
				GCC_WARN_UNUSED_FUNCTION = YES;
				GCC_WARN_UNUSED_VARIABLE = YES;
				IPHONEOS_DEPLOYMENT_TARGET = 8.1;
				MTL_ENABLE_DEBUG_INFO = YES;
				ONLY_ACTIVE_ARCH = YES;
				SDKROOT = iphoneos;
			};
			name = Debug;
		};
		CF936A7D1AAD15EC0041838F /* Release */ = {
			isa = XCBuildConfiguration;
			buildSettings = {
				ALWAYS_SEARCH_USER_PATHS = NO;
				CLANG_CXX_LANGUAGE_STANDARD = "gnu++0x";
				CLANG_CXX_LIBRARY = "libc++";
				CLANG_ENABLE_MODULES = YES;
				CLANG_ENABLE_OBJC_ARC = YES;
				CLANG_WARN_BOOL_CONVERSION = YES;
				CLANG_WARN_CONSTANT_CONVERSION = YES;
				CLANG_WARN_DIRECT_OBJC_ISA_USAGE = YES_ERROR;
				CLANG_WARN_EMPTY_BODY = YES;
				CLANG_WARN_ENUM_CONVERSION = YES;
				CLANG_WARN_INT_CONVERSION = YES;
				CLANG_WARN_OBJC_ROOT_CLASS = YES_ERROR;
				CLANG_WARN_UNREACHABLE_CODE = YES;
				CLANG_WARN__DUPLICATE_METHOD_MATCH = YES;
				"CODE_SIGN_IDENTITY[sdk=iphoneos*]" = "iPhone Developer";
				COPY_PHASE_STRIP = YES;
				ENABLE_NS_ASSERTIONS = NO;
				ENABLE_STRICT_OBJC_MSGSEND = YES;
				GCC_C_LANGUAGE_STANDARD = gnu99;
				GCC_WARN_64_TO_32_BIT_CONVERSION = YES;
				GCC_WARN_ABOUT_RETURN_TYPE = YES_ERROR;
				GCC_WARN_UNDECLARED_SELECTOR = YES;
				GCC_WARN_UNINITIALIZED_AUTOS = YES_AGGRESSIVE;
				GCC_WARN_UNUSED_FUNCTION = YES;
				GCC_WARN_UNUSED_VARIABLE = YES;
				IPHONEOS_DEPLOYMENT_TARGET = 8.1;
				MTL_ENABLE_DEBUG_INFO = NO;
				SDKROOT = iphoneos;
				VALIDATE_PRODUCT = YES;
			};
			name = Release;
		};
		CF936A7F1AAD15EC0041838F /* Debug */ = {
			isa = XCBuildConfiguration;
			buildSettings = {
				ASSETCATALOG_COMPILER_APPICON_NAME = AppIcon;
				INFOPLIST_FILE = TouchTracker/Info.plist;
				LD_RUNPATH_SEARCH_PATHS = "$(inherited) @executable_path/Frameworks";
				PRODUCT_NAME = "$(TARGET_NAME)";
			};
			name = Debug;
		};
		CF936A801AAD15EC0041838F /* Release */ = {
			isa = XCBuildConfiguration;
			buildSettings = {
				ASSETCATALOG_COMPILER_APPICON_NAME = AppIcon;
				INFOPLIST_FILE = TouchTracker/Info.plist;
				LD_RUNPATH_SEARCH_PATHS = "$(inherited) @executable_path/Frameworks";
				PRODUCT_NAME = "$(TARGET_NAME)";
			};
			name = Release;
		};
		CF936A821AAD15EC0041838F /* Debug */ = {
			isa = XCBuildConfiguration;
			buildSettings = {
				BUNDLE_LOADER = "$(TEST_HOST)";
				FRAMEWORK_SEARCH_PATHS = (
					"$(SDKROOT)/Developer/Library/Frameworks",
					"$(inherited)",
				);
				GCC_PREPROCESSOR_DEFINITIONS = (
					"DEBUG=1",
					"$(inherited)",
				);
				INFOPLIST_FILE = TouchTrackerTests/Info.plist;
				LD_RUNPATH_SEARCH_PATHS = "$(inherited) @executable_path/Frameworks @loader_path/Frameworks";
				PRODUCT_NAME = "$(TARGET_NAME)";
				TEST_HOST = "$(BUILT_PRODUCTS_DIR)/TouchTracker.app/TouchTracker";
			};
			name = Debug;
		};
		CF936A831AAD15EC0041838F /* Release */ = {
			isa = XCBuildConfiguration;
			buildSettings = {
				BUNDLE_LOADER = "$(TEST_HOST)";
				FRAMEWORK_SEARCH_PATHS = (
					"$(SDKROOT)/Developer/Library/Frameworks",
					"$(inherited)",
				);
				INFOPLIST_FILE = TouchTrackerTests/Info.plist;
				LD_RUNPATH_SEARCH_PATHS = "$(inherited) @executable_path/Frameworks @loader_path/Frameworks";
				PRODUCT_NAME = "$(TARGET_NAME)";
				TEST_HOST = "$(BUILT_PRODUCTS_DIR)/TouchTracker.app/TouchTracker";
			};
			name = Release;
		};
/* End XCBuildConfiguration section */

/* Begin XCConfigurationList section */
		CF936A561AAD15EC0041838F /* Build configuration list for PBXProject "TouchTracker" */ = {
			isa = XCConfigurationList;
			buildConfigurations = (
				CF936A7C1AAD15EC0041838F /* Debug */,
				CF936A7D1AAD15EC0041838F /* Release */,
			);
			defaultConfigurationIsVisible = 0;
			defaultConfigurationName = Release;
		};
		CF936A7E1AAD15EC0041838F /* Build configuration list for PBXNativeTarget "TouchTracker" */ = {
			isa = XCConfigurationList;
			buildConfigurations = (
				CF936A7F1AAD15EC0041838F /* Debug */,
				CF936A801AAD15EC0041838F /* Release */,
			);
			defaultConfigurationIsVisible = 0;
			defaultConfigurationName = Release;
		};
		CF936A811AAD15EC0041838F /* Build configuration list for PBXNativeTarget "TouchTrackerTests" */ = {
			isa = XCConfigurationList;
			buildConfigurations = (
				CF936A821AAD15EC0041838F /* Debug */,
				CF936A831AAD15EC0041838F /* Release */,
			);
			defaultConfigurationIsVisible = 0;
			defaultConfigurationName = Release;
		};
/* End XCConfigurationList section */
	};
	rootObject = CF936A531AAD15EC0041838F /* Project object */;
}
